
Microsoft Visual Studio Solution File, Format Version 12.00
# Visual Studio Version 17
VisualStudioVersion = 17.10.35013.160
MinimumVisualStudioVersion = 10.0.40219.1
Project("{FAE04EC0-301F-11D3-BF4B-00C04F79EFBC}") = "Lab08_Pro", "Lab08_Pro\Lab08_Pro.csproj", "{7C5C2577-4AAA-4EED-BE54-6DD820489868}"
EndProject
Global
	GlobalSection(SolutionConfigurationPlatforms) = preSolution
		Debug|Any CPU = Debug|Any CPU
		Release|Any CPU = Release|Any CPU
	EndGlobalSection
	GlobalSection(ProjectConfigurationPlatforms) = postSolution
		{7C5C2577-4AAA-4EED-BE54-6DD820489868}.Debug|Any CPU.ActiveCfg = Debug|Any CPU
		{7C5C2577-4AAA-4EED-BE54-6DD820489868}.Debug|Any CPU.Build.0 = Debug|Any CPU
		{7C5C2577-4AAA-4EED-BE54-6DD820489868}.Release|Any CPU.ActiveCfg = Release|Any CPU
		{7C5C2577-4AAA-4EED-BE54-6DD820489868}.Release|Any CPU.Build.0 = Release|Any CPU
	EndGlobalSection
	GlobalSection(SolutionProperties) = preSolution
		HideSolutionNode = FALSE
	EndGlobalSection
	GlobalSection(ExtensibilityGlobals) = postSolution
		SolutionGuid = {5B33F5CE-39E9-46B5-A570-25C823D45AA4}
	EndGlobalSection
EndGlobal
